
Microsoft Visual Studio Solution File, Format Version 12.00
# Visual Studio Version 16
VisualStudioVersion = 16.0.33130.400
MinimumVisualStudioVersion = 10.0.40219.1
Project("{8BC9CEB8-8B4A-11D0-8D11-00A0C91BC942}") = "1_24_2023 daily", "1_24_2023 daily\1_24_2023 daily.vcxproj", "{D8647E83-0CE6-4FA4-A39F-B906A4BBBAFF}"
EndProject
Global
	GlobalSection(SolutionConfigurationPlatforms) = preSolution
		Debug|x64 = Debug|x64
		Debug|x86 = Debug|x86
		Release|x64 = Release|x64
		Release|x86 = Release|x86
	EndGlobalSection
	GlobalSection(ProjectConfigurationPlatforms) = postSolution
		{D8647E83-0CE6-4FA4-A39F-B906A4BBBAFF}.Debug|x64.ActiveCfg = Debug|x64
		{D8647E83-0CE6-4FA4-A39F-B906A4BBBAFF}.Debug|x64.Build.0 = Debug|x64
		{D8647E83-0CE6-4FA4-A39F-B906A4BBBAFF}.Debug|x86.ActiveCfg = Debug|Win32
		{D8647E83-0CE6-4FA4-A39F-B906A4BBBAFF}.Debug|x86.Build.0 = Debug|Win32
		{D8647E83-0CE6-4FA4-A39F-B906A4BBBAFF}.Release|x64.ActiveCfg = Release|x64
		{D8647E83-0CE6-4FA4-A39F-B906A4BBBAFF}.Release|x64.Build.0 = Release|x64
		{D8647E83-0CE6-4FA4-A39F-B906A4BBBAFF}.Release|x86.ActiveCfg = Release|Win32
		{D8647E83-0CE6-4FA4-A39F-B906A4BBBAFF}.Release|x86.Build.0 = Release|Win32
	EndGlobalSection
	GlobalSection(SolutionProperties) = preSolution
		HideSolutionNode = FALSE
	EndGlobalSection
	GlobalSection(ExtensibilityGlobals) = postSolution
		SolutionGuid = {2C119EBC-0D38-4886-8F9D-6F8486F7EC5F}
	EndGlobalSection
EndGlobal
